// !$*UTF8*$!
{
	archiveVersion = 1;
	classes = {
	};
	objectVersion = 50;
	objects = {

/* Begin PBXBuildFile section */
		08557C80224A3CF400431369 /* MapView.swift in Sources */ = {isa = PBXBuildFile; fileRef = 08557C7F224A3CF400431369 /* MapView.swift */; };
		0863A9A6224DC44A000CA160 /* Assets.xcassets in Resources */ = {isa = PBXBuildFile; fileRef = 0863A9A5224DC44A000CA160 /* Assets.xcassets */; };
		08743EBB22479BAC00C2389C /* WasteTypeViewController.swift in Sources */ = {isa = PBXBuildFile; fileRef = 08743EBA22479BAC00C2389C /* WasteTypeViewController.swift */; };
		08743EBD2249EA2300C2389C /* CoreLocationViewController.swift in Sources */ = {isa = PBXBuildFile; fileRef = 08743EBC2249EA2300C2389C /* CoreLocationViewController.swift */; };
		089D3E9E223A212100C45B26 /* AppDelegate.swift in Sources */ = {isa = PBXBuildFile; fileRef = 089D3E9D223A212100C45B26 /* AppDelegate.swift */; };
		089D3EA0223A212100C45B26 /* ViewController.swift in Sources */ = {isa = PBXBuildFile; fileRef = 089D3E9F223A212100C45B26 /* ViewController.swift */; };
		089D3EA3223A212100C45B26 /* Main.storyboard in Resources */ = {isa = PBXBuildFile; fileRef = 089D3EA1223A212100C45B26 /* Main.storyboard */; };
		089D3EA8223A212400C45B26 /* LaunchScreen.storyboard in Resources */ = {isa = PBXBuildFile; fileRef = 089D3EA6223A212400C45B26 /* LaunchScreen.storyboard */; };
/* End PBXBuildFile section */

/* Begin PBXFileReference section */
		08557C7F224A3CF400431369 /* MapView.swift */ = {isa = PBXFileReference; lastKnownFileType = sourcecode.swift; path = MapView.swift; sourceTree = "<group>"; };
		0863A9A5224DC44A000CA160 /* Assets.xcassets */ = {isa = PBXFileReference; lastKnownFileType = folder.assetcatalog; path = Assets.xcassets; sourceTree = "<group>"; };
		08743EBA22479BAC00C2389C /* WasteTypeViewController.swift */ = {isa = PBXFileReference; lastKnownFileType = sourcecode.swift; path = WasteTypeViewController.swift; sourceTree = "<group>"; };
		08743EBC2249EA2300C2389C /* CoreLocationViewController.swift */ = {isa = PBXFileReference; lastKnownFileType = sourcecode.swift; path = CoreLocationViewController.swift; sourceTree = "<group>"; };
		089D3E9A223A212100C45B26 /* e-VMSS.app */ = {isa = PBXFileReference; explicitFileType = wrapper.application; includeInIndex = 0; path = "e-VMSS.app"; sourceTree = BUILT_PRODUCTS_DIR; };
		089D3E9D223A212100C45B26 /* AppDelegate.swift */ = {isa = PBXFileReference; lastKnownFileType = sourcecode.swift; path = AppDelegate.swift; sourceTree = "<group>"; };
		089D3E9F223A212100C45B26 /* ViewController.swift */ = {isa = PBXFileReference; lastKnownFileType = sourcecode.swift; path = ViewController.swift; sourceTree = "<group>"; };
		089D3EA2223A212100C45B26 /* Base */ = {isa = PBXFileReference; lastKnownFileType = file.storyboard; name = Base; path = Base.lproj/Main.storyboard; sourceTree = "<group>"; };
		089D3EA7223A212400C45B26 /* Base */ = {isa = PBXFileReference; lastKnownFileType = file.storyboard; name = Base; path = Base.lproj/LaunchScreen.storyboard; sourceTree = "<group>"; };
		089D3EA9223A212400C45B26 /* Info.plist */ = {isa = PBXFileReference; lastKnownFileType = text.plist.xml; path = Info.plist; sourceTree = "<group>"; };
/* End PBXFileReference section */

/* Begin PBXFrameworksBuildPhase section */
		089D3E97223A212100C45B26 /* Frameworks */ = {
			isa = PBXFrameworksBuildPhase;
			buildActionMask = 2147483647;
			files = (
			);
			runOnlyForDeploymentPostprocessing = 0;
		};
/* End PBXFrameworksBuildPhase section */

/* Begin PBXGroup section */
		084E18822242136A00A7183E /* Model */ = {
			isa = PBXGroup;
			children = (
			);
			path = Model;
			sourceTree = "<group>";
		};
		084E1883224213A500A7183E /* View */ = {
			isa = PBXGroup;
			children = (
				08743EBA22479BAC00C2389C /* WasteTypeViewController.swift */,
				08557C7F224A3CF400431369 /* MapView.swift */,
				089D3EA6223A212400C45B26 /* LaunchScreen.storyboard */,
				089D3EA1223A212100C45B26 /* Main.storyboard */,
			);
			path = View;
			sourceTree = "<group>";
		};
		084E1884224213AE00A7183E /* Controller */ = {
			isa = PBXGroup;
			children = (
				089D3E9F223A212100C45B26 /* ViewController.swift */,
				08743EBC2249EA2300C2389C /* CoreLocationViewController.swift */,
			);
			path = Controller;
			sourceTree = "<group>";
		};
		089D3E91223A212100C45B26 = {
			isa = PBXGroup;
			children = (
				0863A9A5224DC44A000CA160 /* Assets.xcassets */,
				084E1884224213AE00A7183E /* Controller */,
				084E1883224213A500A7183E /* View */,
				084E18822242136A00A7183E /* Model */,
				089D3E9C223A212100C45B26 /* e-VMSS */,
				089D3E9B223A212100C45B26 /* Products */,
			);
			sourceTree = "<group>";
		};
		089D3E9B223A212100C45B26 /* Products */ = {
			isa = PBXGroup;
			children = (
				089D3E9A223A212100C45B26 /* e-VMSS.app */,
			);
			name = Products;
			sourceTree = "<group>";
		};
		089D3E9C223A212100C45B26 /* e-VMSS */ = {
			isa = PBXGroup;
			children = (
				089D3E9D223A212100C45B26 /* AppDelegate.swift */,
				089D3EA9223A212400C45B26 /* Info.plist */,
			);
			path = "e-VMSS";
			sourceTree = "<group>";
		};
/* End PBXGroup section */

/* Begin PBXNativeTarget section */
		089D3E99223A212100C45B26 /* e-VMSS */ = {
			isa = PBXNativeTarget;
			buildConfigurationList = 089D3EAC223A212400C45B26 /* Build configuration list for PBXNativeTarget "e-VMSS" */;
			buildPhases = (
				089D3E96223A212100C45B26 /* Sources */,
				089D3E97223A212100C45B26 /* Frameworks */,
				089D3E98223A212100C45B26 /* Resources */,
			);
			buildRules = (
			);
			dependencies = (
			);
			name = "e-VMSS";
			productName = "ES presentation";
			productReference = 089D3E9A223A212100C45B26 /* e-VMSS.app */;
			productType = "com.apple.product-type.application";
		};
/* End PBXNativeTarget section */

/* Begin PBXProject section */
		089D3E92223A212100C45B26 /* Project object */ = {
			isa = PBXProject;
			attributes = {
				LastSwiftUpdateCheck = 1010;
				LastUpgradeCheck = 1010;
				ORGANIZATIONNAME = "Harsh Mehta";
				TargetAttributes = {
					089D3E99223A212100C45B26 = {
						CreatedOnToolsVersion = 10.1;
					};
				};
			};
			buildConfigurationList = 089D3E95223A212100C45B26 /* Build configuration list for PBXProject "e-VMSS" */;
			compatibilityVersion = "Xcode 9.3";
			developmentRegion = en;
			hasScannedForEncodings = 0;
			knownRegions = (
				en,
				Base,
			);
			mainGroup = 089D3E91223A212100C45B26;
			productRefGroup = 089D3E9B223A212100C45B26 /* Products */;
			projectDirPath = "";
			projectRoot = "";
			targets = (
				089D3E99223A212100C45B26 /* e-VMSS */,
			);
		};
/* End PBXProject section */

/* Begin PBXResourcesBuildPhase section */
		089D3E98223A212100C45B26 /* Resources */ = {
			isa = PBXResourcesBuildPhase;
			buildActionMask = 2147483647;
			files = (
				089D3EA8223A212400C45B26 /* LaunchScreen.storyboard in Resources */,
				0863A9A6224DC44A000CA160 /* Assets.xcassets in Resources */,
				089D3EA3223A212100C45B26 /* Main.storyboard in Resources */,
			);
			runOnlyForDeploymentPostprocessing = 0;
		};
/* End PBXResourcesBuildPhase section */

/* Begin PBXSourcesBuildPhase section */
		089D3E96223A212100C45B26 /* Sources */ = {
			isa = PBXSourcesBuildPhase;
			buildActionMask = 2147483647;
			files = (
				08743EBD2249EA2300C2389C /* CoreLocationViewController.swift in Sources */,
				089D3EA0223A212100C45B26 /* ViewController.swift in Sources */,
				08557C80224A3CF400431369 /* MapView.swift in Sources */,
				08743EBB22479BAC00C2389C /* WasteTypeViewController.swift in Sources */,
				089D3E9E223A212100C45B26 /* AppDelegate.swift in Sources */,
			);
			runOnlyForDeploymentPostprocessing = 0;
		};
/* End PBXSourcesBuildPhase section */

/* Begin PBXVariantGroup section */
		089D3EA1223A212100C45B26 /* Main.storyboard */ = {
			isa = PBXVariantGroup;
			children = (
				089D3EA2223A212100C45B26 /* Base */,
			);
			name = Main.storyboard;
			sourceTree = "<group>";
		};
		089D3EA6223A212400C45B26 /* LaunchScreen.storyboard */ = {
			isa = PBXVariantGroup;
			children = (
				089D3EA7223A212400C45B26 /* Base */,
			);
			name = LaunchScreen.storyboard;
			sourceTree = "<group>";
		};
/* End PBXVariantGroup section */

/* Begin XCBuildConfiguration section */
		089D3EAA223A212400C45B26 /* Debug */ = {
			isa = XCBuildConfiguration;
			buildSettings = {
				ALWAYS_SEARCH_USER_PATHS = NO;
				CLANG_ANALYZER_NONNULL = YES;
				CLANG_ANALYZER_NUMBER_OBJECT_CONVERSION = YES_AGGRESSIVE;
				CLANG_CXX_LANGUAGE_STANDARD = "gnu++14";
				CLANG_CXX_LIBRARY = "libc++";
				CLANG_ENABLE_MODULES = YES;
				CLANG_ENABLE_OBJC_ARC = YES;
				CLANG_ENABLE_OBJC_WEAK = YES;
				CLANG_WARN_BLOCK_CAPTURE_AUTORELEASING = YES;
				CLANG_WARN_BOOL_CONVERSION = YES;
				CLANG_WARN_COMMA = YES;
				CLANG_WARN_CONSTANT_CONVERSION = YES;
				CLANG_WARN_DEPRECATED_OBJC_IMPLEMENTATIONS = YES;
				CLANG_WARN_DIRECT_OBJC_ISA_USAGE = YES_ERROR;
				CLANG_WARN_DOCUMENTATION_COMMENTS = YES;
				CLANG_WARN_EMPTY_BODY = YES;
				CLANG_WARN_ENUM_CONVERSION = YES;
				CLANG_WARN_INFINITE_RECURSION = YES;
				CLANG_WARN_INT_CONVERSION = YES;
				CLANG_WARN_NON_LITERAL_NULL_CONVERSION = YES;
				CLANG_WARN_OBJC_IMPLICIT_RETAIN_SELF = YES;
				CLANG_WARN_OBJC_LITERAL_CONVERSION = YES;
				CLANG_WARN_OBJC_ROOT_CLASS = YES_ERROR;
				CLANG_WARN_RANGE_LOOP_ANALYSIS = YES;
				CLANG_WARN_STRICT_PROTOTYPES = YES;
				CLANG_WARN_SUSPICIOUS_MOVE = YES;
				CLANG_WARN_UNGUARDED_AVAILABILITY = YES_AGGRESSIVE;
				CLANG_WARN_UNREACHABLE_CODE = YES;
				CLANG_WARN__DUPLICATE_METHOD_MATCH = YES;
				CODE_SIGN_IDENTITY = "iPhone Developer";
				COPY_PHASE_STRIP = NO;
				DEBUG_INFORMATION_FORMAT = dwarf;
				ENABLE_STRICT_OBJC_MSGSEND = YES;
				ENABLE_TESTABILITY = YES;
				GCC_C_LANGUAGE_STANDARD = gnu11;
				GCC_DYNAMIC_NO_PIC = NO;
				GCC_NO_COMMON_BLOCKS = YES;
				GCC_OPTIMIZATION_LEVEL = 0;
				GCC_PREPROCESSOR_DEFINITIONS = (
					"DEBUG=1",
					"$(inherited)",
				);
				GCC_WARN_64_TO_32_BIT_CONVERSION = YES;
				GCC_WARN_ABOUT_RETURN_TYPE = YES_ERROR;
				GCC_WARN_UNDECLARED_SELECTOR = YES;
				GCC_WARN_UNINITIALIZED_AUTOS = YES_AGGRESSIVE;
				GCC_WARN_UNUSED_FUNCTION = YES;
				GCC_WARN_UNUSED_VARIABLE = YES;
				IPHONEOS_DEPLOYMENT_TARGET = 12.1;
				MTL_ENABLE_DEBUG_INFO = INCLUDE_SOURCE;
				MTL_FAST_MATH = YES;
				ONLY_ACTIVE_ARCH = YES;
				SDKROOT = iphoneos;
				SWIFT_ACTIVE_COMPILATION_CONDITIONS = DEBUG;
				SWIFT_OPTIMIZATION_LEVEL = "-Onone";
			};
			name = Debug;
		};
		089D3EAB223A212400C45B26 /* Release */ = {
			isa = XCBuildConfiguration;
			buildSettings = {
				ALWAYS_SEARCH_USER_PATHS = NO;
				CLANG_ANALYZER_NONNULL = YES;
				CLANG_ANALYZER_NUMBER_OBJECT_CONVERSION = YES_AGGRESSIVE;
				CLANG_CXX_LANGUAGE_STANDARD = "gnu++14";
				CLANG_CXX_LIBRARY = "libc++";
				CLANG_ENABLE_MODULES = YES;
				CLANG_ENABLE_OBJC_ARC = YES;
				CLANG_ENABLE_OBJC_WEAK = YES;
				CLANG_WARN_BLOCK_CAPTURE_AUTORELEASING = YES;
				CLANG_WARN_BOOL_CONVERSION = YES;
				CLANG_WARN_COMMA = YES;
				CLANG_WARN_CONSTANT_CONVERSION = YES;
				CLANG_WARN_DEPRECATED_OBJC_IMPLEMENTATIONS = YES;
				CLANG_WARN_DIRECT_OBJC_ISA_USAGE = YES_ERROR;
				CLANG_WARN_DOCUMENTATION_COMMENTS = YES;
				CLANG_WARN_EMPTY_BODY = YES;
				CLANG_WARN_ENUM_CONVERSION = YES;
				CLANG_WARN_INFINITE_RECURSION = YES;
				CLANG_WARN_INT_CONVERSION = YES;
				CLANG_WARN_NON_LITERAL_NULL_CONVERSION = YES;
				CLANG_WARN_OBJC_IMPLICIT_RETAIN_SELF = YES;
				CLANG_WARN_OBJC_LITERAL_CONVERSION = YES;
				CLANG_WARN_OBJC_ROOT_CLASS = YES_ERROR;
				CLANG_WARN_RANGE_LOOP_ANALYSIS = YES;
				CLANG_WARN_STRICT_PROTOTYPES = YES;
				CLANG_WARN_SUSPICIOUS_MOVE = YES;
				CLANG_WARN_UNGUARDED_AVAILABILITY = YES_AGGRESSIVE;
				CLANG_WARN_UNREACHABLE_CODE = YES;
				CLANG_WARN__DUPLICATE_METHOD_MATCH = YES;
				CODE_SIGN_IDENTITY = "iPhone Developer";
				COPY_PHASE_STRIP = NO;
				DEBUG_INFORMATION_FORMAT = "dwarf-with-dsym";
				ENABLE_NS_ASSERTIONS = NO;
				ENABLE_STRICT_OBJC_MSGSEND = YES;
				GCC_C_LANGUAGE_STANDARD = gnu11;
				GCC_NO_COMMON_BLOCKS = YES;
				GCC_WARN_64_TO_32_BIT_CONVERSION = YES;
				GCC_WARN_ABOUT_RETURN_TYPE = YES_ERROR;
				GCC_WARN_UNDECLARED_SELECTOR = YES;
				GCC_WARN_UNINITIALIZED_AUTOS = YES_AGGRESSIVE;
				GCC_WARN_UNUSED_FUNCTION = YES;
				GCC_WARN_UNUSED_VARIABLE = YES;
				IPHONEOS_DEPLOYMENT_TARGET = 12.1;
				MTL_ENABLE_DEBUG_INFO = NO;
				MTL_FAST_MATH = YES;
				SDKROOT = iphoneos;
				SWIFT_COMPILATION_MODE = wholemodule;
				SWIFT_OPTIMIZATION_LEVEL = "-O";
				VALIDATE_PRODUCT = YES;
			};
			name = Release;
		};
		089D3EAD223A212400C45B26 /* Debug */ = {
			isa = XCBuildConfiguration;
			buildSettings = {
				ASSETCATALOG_COMPILER_APPICON_NAME = AppIcon;
				CODE_SIGN_IDENTITY = "iPhone Developer";
				CODE_SIGN_STYLE = Automatic;
				DEVELOPMENT_TEAM = YU2FU32QN2;
				INFOPLIST_FILE = "$(SRCROOT)/e-VMSS/Info.plist";
				LD_RUNPATH_SEARCH_PATHS = (
					"$(inherited)",
					"@executable_path/Frameworks",
				);
				PRODUCT_BUNDLE_IDENTIFIER = "com.test.e-VMSS";
				PRODUCT_NAME = "$(TARGET_NAME)";
				PROVISIONING_PROFILE_SPECIFIER = "";
				SWIFT_VERSION = 4.2;
				TARGETED_DEVICE_FAMILY = "1,2";
			};
			name = Debug;
		};
		089D3EAE223A212400C45B26 /* Release */ = {
			isa = XCBuildConfiguration;
			buildSettings = {
				ASSETCATALOG_COMPILER_APPICON_NAME = AppIcon;
				CODE_SIGN_IDENTITY = "iPhone Developer";
				CODE_SIGN_STYLE = Automatic;
				DEVELOPMENT_TEAM = YU2FU32QN2;
				INFOPLIST_FILE = "$(SRCROOT)/e-VMSS/Info.plist";
				LD_RUNPATH_SEARCH_PATHS = (
					"$(inherited)",
					"@executable_path/Frameworks",
				);
				PRODUCT_BUNDLE_IDENTIFIER = "com.test.e-VMSS";
				PRODUCT_NAME = "$(TARGET_NAME)";
				PROVISIONING_PROFILE_SPECIFIER = "";
				SWIFT_VERSION = 4.2;
				TARGETED_DEVICE_FAMILY = "1,2";
			};
			name = Release;
		};
/* End XCBuildConfiguration section */

/* Begin XCConfigurationList section */
		089D3E95223A212100C45B26 /* Build configuration list for PBXProject "e-VMSS" */ = {
			isa = XCConfigurationList;
			buildConfigurations = (
				089D3EAA223A212400C45B26 /* Debug */,
				089D3EAB223A212400C45B26 /* Release */,
			);
			defaultConfigurationIsVisible = 0;
			defaultConfigurationName = Release;
		};
		089D3EAC223A212400C45B26 /* Build configuration list for PBXNativeTarget "e-VMSS" */ = {
			isa = XCConfigurationList;
			buildConfigurations = (
				089D3EAD223A212400C45B26 /* Debug */,
				089D3EAE223A212400C45B26 /* Release */,
			);
			defaultConfigurationIsVisible = 0;
			defaultConfigurationName = Release;
		};
/* End XCConfigurationList section */
	};
	rootObject = 089D3E92223A212100C45B26 /* Project object */;
}
